
Microsoft Visual Studio Solution File, Format Version 12.00
# Visual Studio 14
VisualStudioVersion = 14.0.25420.1
MinimumVisualStudioVersion = 10.0.40219.1
Project("{FAE04EC0-301F-11D3-BF4B-00C04F79EFBC}") = "Webpage", "Webpage\Webpage.csproj", "{6202AAF2-AF5B-41B6-B952-02620388056F}"
EndProject
Project("{FAE04EC0-301F-11D3-BF4B-00C04F79EFBC}") = "Webpage.Tests", "Webpage.Tests\Webpage.Tests.csproj", "{AE3614D5-B574-476B-96FB-E183174C1F33}"
EndProject
Global
	GlobalSection(SolutionConfigurationPlatforms) = preSolution
		Debug|Any CPU = Debug|Any CPU
		Release|Any CPU = Release|Any CPU
	EndGlobalSection
	GlobalSection(ProjectConfigurationPlatforms) = postSolution
		{6202AAF2-AF5B-41B6-B952-02620388056F}.Debug|Any CPU.ActiveCfg = Debug|Any CPU
		{6202AAF2-AF5B-41B6-B952-02620388056F}.Debug|Any CPU.Build.0 = Debug|Any CPU
		{6202AAF2-AF5B-41B6-B952-02620388056F}.Release|Any CPU.ActiveCfg = Release|Any CPU
		{6202AAF2-AF5B-41B6-B952-02620388056F}.Release|Any CPU.Build.0 = Release|Any CPU
		{AE3614D5-B574-476B-96FB-E183174C1F33}.Debug|Any CPU.ActiveCfg = Debug|Any CPU
		{AE3614D5-B574-476B-96FB-E183174C1F33}.Debug|Any CPU.Build.0 = Debug|Any CPU
		{AE3614D5-B574-476B-96FB-E183174C1F33}.Release|Any CPU.ActiveCfg = Release|Any CPU
		{AE3614D5-B574-476B-96FB-E183174C1F33}.Release|Any CPU.Build.0 = Release|Any CPU
	EndGlobalSection
	GlobalSection(SolutionProperties) = preSolution
		HideSolutionNode = FALSE
	EndGlobalSection
EndGlobal
